
Microsoft Visual Studio Solution File, Format Version 12.00
# Visual Studio Version 16
VisualStudioVersion = 16.0.31205.134
MinimumVisualStudioVersion = 10.0.40219.1
Project("{FAE04EC0-301F-11D3-BF4B-00C04F79EFBC}") = "TaskManager.App", "TaskManager.App\TaskManager.App.csproj", "{094EFA41-96EC-4E89-BB18-B2ED817B5466}"
EndProject
Project("{FAE04EC0-301F-11D3-BF4B-00C04F79EFBC}") = "TaskManager.Data", "TaskManager.Data\TaskManager.Data.csproj", "{3D5CA507-0FE8-43CE-8686-F43A3F5FC487}"
EndProject
Global
	GlobalSection(SolutionConfigurationPlatforms) = preSolution
		Debug|Any CPU = Debug|Any CPU
		Release|Any CPU = Release|Any CPU
	EndGlobalSection
	GlobalSection(ProjectConfigurationPlatforms) = postSolution
		{094EFA41-96EC-4E89-BB18-B2ED817B5466}.Debug|Any CPU.ActiveCfg = Debug|Any CPU
		{094EFA41-96EC-4E89-BB18-B2ED817B5466}.Debug|Any CPU.Build.0 = Debug|Any CPU
		{094EFA41-96EC-4E89-BB18-B2ED817B5466}.Release|Any CPU.ActiveCfg = Release|Any CPU
		{094EFA41-96EC-4E89-BB18-B2ED817B5466}.Release|Any CPU.Build.0 = Release|Any CPU
		{3D5CA507-0FE8-43CE-8686-F43A3F5FC487}.Debug|Any CPU.ActiveCfg = Debug|Any CPU
		{3D5CA507-0FE8-43CE-8686-F43A3F5FC487}.Debug|Any CPU.Build.0 = Debug|Any CPU
		{3D5CA507-0FE8-43CE-8686-F43A3F5FC487}.Release|Any CPU.ActiveCfg = Release|Any CPU
		{3D5CA507-0FE8-43CE-8686-F43A3F5FC487}.Release|Any CPU.Build.0 = Release|Any CPU
	EndGlobalSection
	GlobalSection(SolutionProperties) = preSolution
		HideSolutionNode = FALSE
	EndGlobalSection
	GlobalSection(ExtensibilityGlobals) = postSolution
		SolutionGuid = {9FA355BB-7409-4B61-B1E9-0E546E1556B9}
	EndGlobalSection
EndGlobal
